
Microsoft Visual Studio Solution File, Format Version 12.00
# Visual Studio Version 16
VisualStudioVersion = 16.0.30611.23
MinimumVisualStudioVersion = 10.0.40219.1
Project("{FAE04EC0-301F-11D3-BF4B-00C04F79EFBC}") = "NetCuoiKy", "NetCuoiKy\NetCuoiKy.csproj", "{818CFED3-1A5B-4C2B-AE98-114721A64CE7}"
EndProject
Project("{FAE04EC0-301F-11D3-BF4B-00C04F79EFBC}") = "Model", "Model\Model.csproj", "{8A7C3F85-76B9-4D45-86D5-FD45FA306F15}"
EndProject
Project("{FAE04EC0-301F-11D3-BF4B-00C04F79EFBC}") = "Common", "Common\Common.csproj", "{A117793C-9FCF-44A2-BF2A-1E9552562CFC}"
EndProject
Global
	GlobalSection(SolutionConfigurationPlatforms) = preSolution
		Debug|Any CPU = Debug|Any CPU
		Release|Any CPU = Release|Any CPU
	EndGlobalSection
	GlobalSection(ProjectConfigurationPlatforms) = postSolution
		{818CFED3-1A5B-4C2B-AE98-114721A64CE7}.Debug|Any CPU.ActiveCfg = Debug|Any CPU
		{818CFED3-1A5B-4C2B-AE98-114721A64CE7}.Debug|Any CPU.Build.0 = Debug|Any CPU
		{818CFED3-1A5B-4C2B-AE98-114721A64CE7}.Release|Any CPU.ActiveCfg = Release|Any CPU
		{818CFED3-1A5B-4C2B-AE98-114721A64CE7}.Release|Any CPU.Build.0 = Release|Any CPU
		{8A7C3F85-76B9-4D45-86D5-FD45FA306F15}.Debug|Any CPU.ActiveCfg = Debug|Any CPU
		{8A7C3F85-76B9-4D45-86D5-FD45FA306F15}.Debug|Any CPU.Build.0 = Debug|Any CPU
		{8A7C3F85-76B9-4D45-86D5-FD45FA306F15}.Release|Any CPU.ActiveCfg = Release|Any CPU
		{8A7C3F85-76B9-4D45-86D5-FD45FA306F15}.Release|Any CPU.Build.0 = Release|Any CPU
		{A117793C-9FCF-44A2-BF2A-1E9552562CFC}.Debug|Any CPU.ActiveCfg = Debug|Any CPU
		{A117793C-9FCF-44A2-BF2A-1E9552562CFC}.Debug|Any CPU.Build.0 = Debug|Any CPU
		{A117793C-9FCF-44A2-BF2A-1E9552562CFC}.Release|Any CPU.ActiveCfg = Release|Any CPU
		{A117793C-9FCF-44A2-BF2A-1E9552562CFC}.Release|Any CPU.Build.0 = Release|Any CPU
	EndGlobalSection
	GlobalSection(SolutionProperties) = preSolution
		HideSolutionNode = FALSE
	EndGlobalSection
	GlobalSection(ExtensibilityGlobals) = postSolution
		SolutionGuid = {765B3916-E91E-40E5-AD3D-82C0AA1636E7}
	EndGlobalSection
EndGlobal
